
Microsoft Visual Studio Solution File, Format Version 12.00
# Visual Studio 15
VisualStudioVersion = 15.0.27004.2002
MinimumVisualStudioVersion = 10.0.40219.1
Project("{FAE04EC0-301F-11D3-BF4B-00C04F79EFBC}") = "raupjc-hw1", "raupjc-hw1\raupjc-hw1.csproj", "{1D8BA1D4-D0A5-464E-9986-FC64AADB3E07}"
EndProject
Global
	GlobalSection(SolutionConfigurationPlatforms) = preSolution
		Debug|Any CPU = Debug|Any CPU
		Release|Any CPU = Release|Any CPU
	EndGlobalSection
	GlobalSection(ProjectConfigurationPlatforms) = postSolution
		{1D8BA1D4-D0A5-464E-9986-FC64AADB3E07}.Debug|Any CPU.ActiveCfg = Debug|Any CPU
		{1D8BA1D4-D0A5-464E-9986-FC64AADB3E07}.Debug|Any CPU.Build.0 = Debug|Any CPU
		{1D8BA1D4-D0A5-464E-9986-FC64AADB3E07}.Release|Any CPU.ActiveCfg = Release|Any CPU
		{1D8BA1D4-D0A5-464E-9986-FC64AADB3E07}.Release|Any CPU.Build.0 = Release|Any CPU
	EndGlobalSection
	GlobalSection(SolutionProperties) = preSolution
		HideSolutionNode = FALSE
	EndGlobalSection
	GlobalSection(ExtensibilityGlobals) = postSolution
		SolutionGuid = {97144ED8-94E7-4CD7-BAB2-416B97606ECE}
	EndGlobalSection
EndGlobal
